// !$*UTF8*$!
{
	archiveVersion = 1;
	classes = {
	};
	objectVersion = 77;
	objects = {

/* Begin PBXBuildFile section */
		CC0000000000000000000003 /* CloudyCore in Frameworks */ = {isa = PBXBuildFile; productRef = CC0000000000000000000002 /* CloudyCore */; };
		CC1000000000000000000005 /* FirebaseCore in Frameworks */ = {isa = PBXBuildFile; productRef = CC1000000000000000000002 /* FirebaseCore */; };
		CC1000000000000000000006 /* FirebaseAnalytics in Frameworks */ = {isa = PBXBuildFile; productRef = CC1000000000000000000003 /* FirebaseAnalytics */; };
		CC1000000000000000000007 /* FirebaseCrashlytics in Frameworks */ = {isa = PBXBuildFile; productRef = CC1000000000000000000004 /* FirebaseCrashlytics */; };
		CC1000000000000000000008 /* SignalRClient in Frameworks */ = {isa = PBXBuildFile; productRef = CC1000000000000000000009 /* SignalRClient */; };
/* End PBXBuildFile section */

/* Begin PBXContainerItemProxy section */
		11DC5CAC2FA90E9D00414499 /* PBXContainerItemProxy */ = {
			isa = PBXContainerItemProxy;
			containerPortal = 11440BAD2F90E8D600A9E15B /* Project object */;
			proxyType = 1;
			remoteGlobalIDString = 11440BB42F90E8D600A9E15B;
			remoteInfo = FriendMapSeed;
		};
		11DC5CBB2FA90EC500414499 /* PBXContainerItemProxy */ = {
			isa = PBXContainerItemProxy;
			containerPortal = 11440BAD2F90E8D600A9E15B /* Project object */;
			proxyType = 1;
			remoteGlobalIDString = 11440BB42F90E8D600A9E15B;
			remoteInfo = FriendMapSeed;
		};
/* End PBXContainerItemProxy section */

/* Begin PBXFileReference section */
		11440BB52F90E8D600A9E15B /* FriendMapSeed.app */ = {isa = PBXFileReference; explicitFileType = wrapper.application; includeInIndex = 0; path = FriendMapSeed.app; sourceTree = BUILT_PRODUCTS_DIR; };
		11DC5CA82FA90E9D00414499 /* FriendMapSeedTests.xctest */ = {isa = PBXFileReference; explicitFileType = wrapper.cfbundle; includeInIndex = 0; path = FriendMapSeedTests.xctest; sourceTree = BUILT_PRODUCTS_DIR; };
		11DC5CB52FA90EC500414499 /* FriendMapSeedUITests.xctest */ = {isa = PBXFileReference; explicitFileType = wrapper.cfbundle; includeInIndex = 0; path = FriendMapSeedUITests.xctest; sourceTree = BUILT_PRODUCTS_DIR; };
/* End PBXFileReference section */

/* Begin PBXFileSystemSynchronizedRootGroup section */
		11440BB72F90E8D600A9E15B /* FriendMapSeed */ = {
			isa = PBXFileSystemSynchronizedRootGroup;
			path = FriendMapSeed;
			sourceTree = "<group>";
		};
		11DC5CA92FA90E9D00414499 /* FriendMapSeedTests */ = {
			isa = PBXFileSystemSynchronizedRootGroup;
			path = FriendMapSeedTests;
			sourceTree = "<group>";
		};
		11DC5CB62FA90EC500414499 /* FriendMapSeedUITests */ = {
			isa = PBXFileSystemSynchronizedRootGroup;
			path = FriendMapSeedUITests;
			sourceTree = "<group>";
		};
/* End PBXFileSystemSynchronizedRootGroup section */

/* Begin PBXFrameworksBuildPhase section */
		11440BB22F90E8D600A9E15B /* Frameworks */ = {
			isa = PBXFrameworksBuildPhase;
			buildActionMask = 2147483647;
			files = (
				CC0000000000000000000003 /* CloudyCore in Frameworks */,
				CC1000000000000000000005 /* FirebaseCore in Frameworks */,
				CC1000000000000000000006 /* FirebaseAnalytics in Frameworks */,
				CC1000000000000000000007 /* FirebaseCrashlytics in Frameworks */,
				CC1000000000000000000008 /* SignalRClient in Frameworks */,
			);
			runOnlyForDeploymentPostprocessing = 0;
		};
		11DC5CA52FA90E9D00414499 /* Frameworks */ = {
			isa = PBXFrameworksBuildPhase;
			buildActionMask = 2147483647;
			files = (
			);
			runOnlyForDeploymentPostprocessing = 0;
		};
		11DC5CB22FA90EC500414499 /* Frameworks */ = {
			isa = PBXFrameworksBuildPhase;
			buildActionMask = 2147483647;
			files = (
			);
			runOnlyForDeploymentPostprocessing = 0;
		};
/* End PBXFrameworksBuildPhase section */

/* Begin PBXGroup section */
		11440BAC2F90E8D600A9E15B = {
			isa = PBXGroup;
			children = (
				11440BB72F90E8D600A9E15B /* FriendMapSeed */,
				11DC5CA92FA90E9D00414499 /* FriendMapSeedTests */,
				11DC5CB62FA90EC500414499 /* FriendMapSeedUITests */,
				11440BB62F90E8D600A9E15B /* Products */,
			);
			sourceTree = "<group>";
		};
		11440BB62F90E8D600A9E15B /* Products */ = {
			isa = PBXGroup;
			children = (
				11440BB52F90E8D600A9E15B /* FriendMapSeed.app */,
				11DC5CA82FA90E9D00414499 /* FriendMapSeedTests.xctest */,
				11DC5CB52FA90EC500414499 /* FriendMapSeedUITests.xctest */,
			);
			name = Products;
			sourceTree = "<group>";
		};
/* End PBXGroup section */

/* Begin PBXNativeTarget section */
		11440BB42F90E8D600A9E15B /* FriendMapSeed */ = {
			isa = PBXNativeTarget;
			buildConfigurationList = 11440BC02F90E8DB00A9E15B /* Build configuration list for PBXNativeTarget "FriendMapSeed" */;
			buildPhases = (
				11440BB12F90E8D600A9E15B /* Sources */,
				11440BB22F90E8D600A9E15B /* Frameworks */,
				11440BB32F90E8D600A9E15B /* Resources */,
			);
			buildRules = (
			);
			dependencies = (
			);
			fileSystemSynchronizedGroups = (
				11440BB72F90E8D600A9E15B /* FriendMapSeed */,
			);
			name = FriendMapSeed;
			packageProductDependencies = (
				CC0000000000000000000002 /* CloudyCore */,
				CC1000000000000000000002 /* FirebaseCore */,
				CC1000000000000000000003 /* FirebaseAnalytics */,
				CC1000000000000000000004 /* FirebaseCrashlytics */,
				CC1000000000000000000009 /* SignalRClient */,
			);
			productName = FriendMapSeed;
			productReference = 11440BB52F90E8D600A9E15B /* FriendMapSeed.app */;
			productType = "com.apple.product-type.application";
		};
		11DC5CA72FA90E9D00414499 /* FriendMapSeedTests */ = {
			isa = PBXNativeTarget;
			buildConfigurationList = 11DC5CAE2FA90E9D00414499 /* Build configuration list for PBXNativeTarget "FriendMapSeedTests" */;
			buildPhases = (
				11DC5CA42FA90E9D00414499 /* Sources */,
				11DC5CA52FA90E9D00414499 /* Frameworks */,
				11DC5CA62FA90E9D00414499 /* Resources */,
			);
			buildRules = (
			);
			dependencies = (
				11DC5CAD2FA90E9D00414499 /* PBXTargetDependency */,
			);
			fileSystemSynchronizedGroups = (
				11DC5CA92FA90E9D00414499 /* FriendMapSeedTests */,
			);
			name = FriendMapSeedTests;
			packageProductDependencies = (
			);
			productName = FriendMapSeedTests;
			productReference = 11DC5CA82FA90E9D00414499 /* FriendMapSeedTests.xctest */;
			productType = "com.apple.product-type.bundle.unit-test";
		};
		11DC5CB42FA90EC500414499 /* FriendMapSeedUITests */ = {
			isa = PBXNativeTarget;
			buildConfigurationList = 11DC5CBD2FA90EC500414499 /* Build configuration list for PBXNativeTarget "FriendMapSeedUITests" */;
			buildPhases = (
				11DC5CB12FA90EC500414499 /* Sources */,
				11DC5CB22FA90EC500414499 /* Frameworks */,
				11DC5CB32FA90EC500414499 /* Resources */,
			);
			buildRules = (
			);
			dependencies = (
				11DC5CBC2FA90EC500414499 /* PBXTargetDependency */,
			);
			fileSystemSynchronizedGroups = (
				11DC5CB62FA90EC500414499 /* FriendMapSeedUITests */,
			);
			name = FriendMapSeedUITests;
			packageProductDependencies = (
			);
			productName = FriendMapSeedUITests;
			productReference = 11DC5CB52FA90EC500414499 /* FriendMapSeedUITests.xctest */;
			productType = "com.apple.product-type.bundle.ui-testing";
		};
/* End PBXNativeTarget section */

/* Begin PBXProject section */
		11440BAD2F90E8D600A9E15B /* Project object */ = {
			isa = PBXProject;
			attributes = {
				BuildIndependentTargetsInParallel = 1;
				LastSwiftUpdateCheck = 2640;
				LastUpgradeCheck = 2640;
				TargetAttributes = {
					11440BB42F90E8D600A9E15B = {
						CreatedOnToolsVersion = 26.4;
					};
					11DC5CA72FA90E9D00414499 = {
						CreatedOnToolsVersion = 26.4.1;
						TestTargetID = 11440BB42F90E8D600A9E15B;
					};
					11DC5CB42FA90EC500414499 = {
						CreatedOnToolsVersion = 26.4.1;
						TestTargetID = 11440BB42F90E8D600A9E15B;
					};
				};
			};
			buildConfigurationList = 11440BB02F90E8D600A9E15B /* Build configuration list for PBXProject "FriendMapSeed" */;
			developmentRegion = en;
			hasScannedForEncodings = 0;
			knownRegions = (
				en,
				Base,
			);
			mainGroup = 11440BAC2F90E8D600A9E15B;
			minimizedProjectReferenceProxies = 1;
			packageReferences = (
				CC0000000000000000000001 /* XCLocalSwiftPackageReference "Packages/CloudyCore" */,
				11F5B9E42FA8CF9B00C01596 /* XCRemoteSwiftPackageReference "firebase-ios-sdk" */,
				CC1000000000000000000001 /* XCRemoteSwiftPackageReference "SignalR-Client-Swift" */,
			);
			preferredProjectObjectVersion = 77;
			productRefGroup = 11440BB62F90E8D600A9E15B /* Products */;
			projectDirPath = "";
			projectRoot = "";
			targets = (
				11440BB42F90E8D600A9E15B /* FriendMapSeed */,
				11DC5CA72FA90E9D00414499 /* FriendMapSeedTests */,
				11DC5CB42FA90EC500414499 /* FriendMapSeedUITests */,
			);
		};
/* End PBXProject section */

/* Begin PBXResourcesBuildPhase section */
		11440BB32F90E8D600A9E15B /* Resources */ = {
			isa = PBXResourcesBuildPhase;
			buildActionMask = 2147483647;
			files = (
			);
			runOnlyForDeploymentPostprocessing = 0;
		};
		11DC5CA62FA90E9D00414499 /* Resources */ = {
			isa = PBXResourcesBuildPhase;
			buildActionMask = 2147483647;
			files = (
			);
			runOnlyForDeploymentPostprocessing = 0;
		};
		11DC5CB32FA90EC500414499 /* Resources */ = {
			isa = PBXResourcesBuildPhase;
			buildActionMask = 2147483647;
			files = (
			);
			runOnlyForDeploymentPostprocessing = 0;
		};
/* End PBXResourcesBuildPhase section */

/* Begin PBXSourcesBuildPhase section */
		11440BB12F90E8D600A9E15B /* Sources */ = {
			isa = PBXSourcesBuildPhase;
			buildActionMask = 2147483647;
			files = (
			);
			runOnlyForDeploymentPostprocessing = 0;
		};
		11DC5CA42FA90E9D00414499 /* Sources */ = {
			isa = PBXSourcesBuildPhase;
			buildActionMask = 2147483647;
			files = (
			);
			runOnlyForDeploymentPostprocessing = 0;
		};
		11DC5CB12FA90EC500414499 /* Sources */ = {
			isa = PBXSourcesBuildPhase;
			buildActionMask = 2147483647;
			files = (
			);
			runOnlyForDeploymentPostprocessing = 0;
		};
/* End PBXSourcesBuildPhase section */

/* Begin PBXTargetDependency section */
		11DC5CAD2FA90E9D00414499 /* PBXTargetDependency */ = {
			isa = PBXTargetDependency;
			target = 11440BB42F90E8D600A9E15B /* FriendMapSeed */;
			targetProxy = 11DC5CAC2FA90E9D00414499 /* PBXContainerItemProxy */;
		};
		11DC5CBC2FA90EC500414499 /* PBXTargetDependency */ = {
			isa = PBXTargetDependency;
			target = 11440BB42F90E8D600A9E15B /* FriendMapSeed */;
			targetProxy = 11DC5CBB2FA90EC500414499 /* PBXContainerItemProxy */;
		};
/* End PBXTargetDependency section */

/* Begin XCBuildConfiguration section */
		11440BBE2F90E8DB00A9E15B /* Debug */ = {
			isa = XCBuildConfiguration;
			buildSettings = {
				ALWAYS_SEARCH_USER_PATHS = NO;
				ASSETCATALOG_COMPILER_GENERATE_SWIFT_ASSET_SYMBOL_EXTENSIONS = YES;
				CLANG_ANALYZER_NONNULL = YES;
				CLANG_ANALYZER_NUMBER_OBJECT_CONVERSION = YES_AGGRESSIVE;
				CLANG_CXX_LANGUAGE_STANDARD = "gnu++20";
				CLANG_ENABLE_MODULES = YES;
				CLANG_ENABLE_OBJC_ARC = YES;
				CLANG_ENABLE_OBJC_WEAK = YES;
				CLANG_WARN_BLOCK_CAPTURE_AUTORELEASING = YES;
				CLANG_WARN_BOOL_CONVERSION = YES;
				CLANG_WARN_COMMA = YES;
				CLANG_WARN_CONSTANT_CONVERSION = YES;
				CLANG_WARN_DEPRECATED_OBJC_IMPLEMENTATIONS = YES;
				CLANG_WARN_DIRECT_OBJC_ISA_USAGE = YES_ERROR;
				CLANG_WARN_DOCUMENTATION_COMMENTS = YES;
				CLANG_WARN_EMPTY_BODY = YES;
				CLANG_WARN_ENUM_CONVERSION = YES;
				CLANG_WARN_INFINITE_RECURSION = YES;
				CLANG_WARN_INT_CONVERSION = YES;
				CLANG_WARN_NON_LITERAL_NULL_CONVERSION = YES;
				CLANG_WARN_OBJC_IMPLICIT_RETAIN_SELF = YES;
				CLANG_WARN_OBJC_LITERAL_CONVERSION = YES;
				CLANG_WARN_OBJC_ROOT_CLASS = YES_ERROR;
				CLANG_WARN_QUOTED_INCLUDE_IN_FRAMEWORK_HEADER = YES;
				CLANG_WARN_RANGE_LOOP_ANALYSIS = YES;
				CLANG_WARN_STRICT_PROTOTYPES = YES;
				CLANG_WARN_SUSPICIOUS_MOVE = YES;
				CLANG_WARN_UNGUARDED_AVAILABILITY = YES_AGGRESSIVE;
				CLANG_WARN_UNREACHABLE_CODE = YES;
				CLANG_WARN__DUPLICATE_METHOD_MATCH = YES;
				COPY_PHASE_STRIP = NO;
				DEBUG_INFORMATION_FORMAT = dwarf;
				DEVELOPMENT_TEAM = 9YUM32FPQU;
				ENABLE_STRICT_OBJC_MSGSEND = YES;
				ENABLE_TESTABILITY = YES;
				ENABLE_USER_SCRIPT_SANDBOXING = YES;
				GCC_C_LANGUAGE_STANDARD = gnu17;
				GCC_DYNAMIC_NO_PIC = NO;
				GCC_NO_COMMON_BLOCKS = YES;
				GCC_OPTIMIZATION_LEVEL = 0;
				GCC_PREPROCESSOR_DEFINITIONS = (
					"DEBUG=1",
					"$(inherited)",
				);
				GCC_WARN_64_TO_32_BIT_CONVERSION = YES;
				GCC_WARN_ABOUT_RETURN_TYPE = YES_ERROR;
				GCC_WARN_UNDECLARED_SELECTOR = YES;
				GCC_WARN_UNINITIALIZED_AUTOS = YES_AGGRESSIVE;
				GCC_WARN_UNUSED_FUNCTION = YES;
				GCC_WARN_UNUSED_VARIABLE = YES;
				IPHONEOS_DEPLOYMENT_TARGET = 26.4;
				LOCALIZATION_PREFERS_STRING_CATALOGS = YES;
				MTL_ENABLE_DEBUG_INFO = INCLUDE_SOURCE;
				MTL_FAST_MATH = YES;
				ONLY_ACTIVE_ARCH = YES;
				SDKROOT = iphoneos;
				STRIP_INSTALLED_PRODUCT = YES;
				SWIFT_ACTIVE_COMPILATION_CONDITIONS = "DEBUG $(inherited)";
				SWIFT_OPTIMIZATION_LEVEL = "-Onone";
			};
			name = Debug;
		};
		11440BBF2F90E8DB00A9E15B /* Release */ = {
			isa = XCBuildConfiguration;
			buildSettings = {
				ALWAYS_SEARCH_USER_PATHS = NO;
				ASSETCATALOG_COMPILER_GENERATE_SWIFT_ASSET_SYMBOL_EXTENSIONS = YES;
				CLANG_ANALYZER_NONNULL = YES;
				CLANG_ANALYZER_NUMBER_OBJECT_CONVERSION = YES_AGGRESSIVE;
				CLANG_CXX_LANGUAGE_STANDARD = "gnu++20";
				CLANG_ENABLE_MODULES = YES;
				CLANG_ENABLE_OBJC_ARC = YES;
				CLANG_ENABLE_OBJC_WEAK = YES;
				CLANG_WARN_BLOCK_CAPTURE_AUTORELEASING = YES;
				CLANG_WARN_BOOL_CONVERSION = YES;
				CLANG_WARN_COMMA = YES;
				CLANG_WARN_CONSTANT_CONVERSION = YES;
				CLANG_WARN_DEPRECATED_OBJC_IMPLEMENTATIONS = YES;
				CLANG_WARN_DIRECT_OBJC_ISA_USAGE = YES_ERROR;
				CLANG_WARN_DOCUMENTATION_COMMENTS = YES;
				CLANG_WARN_EMPTY_BODY = YES;
				CLANG_WARN_ENUM_CONVERSION = YES;
				CLANG_WARN_INFINITE_RECURSION = YES;
				CLANG_WARN_INT_CONVERSION = YES;
				CLANG_WARN_NON_LITERAL_NULL_CONVERSION = YES;
				CLANG_WARN_OBJC_IMPLICIT_RETAIN_SELF = YES;
				CLANG_WARN_OBJC_LITERAL_CONVERSION = YES;
				CLANG_WARN_OBJC_ROOT_CLASS = YES_ERROR;
				CLANG_WARN_QUOTED_INCLUDE_IN_FRAMEWORK_HEADER = YES;
				CLANG_WARN_RANGE_LOOP_ANALYSIS = YES;
				CLANG_WARN_STRICT_PROTOTYPES = YES;
				CLANG_WARN_SUSPICIOUS_MOVE = YES;
				CLANG_WARN_UNGUARDED_AVAILABILITY = YES_AGGRESSIVE;
				CLANG_WARN_UNREACHABLE_CODE = YES;
				CLANG_WARN__DUPLICATE_METHOD_MATCH = YES;
				COPY_PHASE_STRIP = NO;
				DEBUG_INFORMATION_FORMAT = "dwarf-with-dsym";
				DEVELOPMENT_TEAM = 9YUM32FPQU;
				ENABLE_NS_ASSERTIONS = NO;
				ENABLE_STRICT_OBJC_MSGSEND = YES;
				ENABLE_USER_SCRIPT_SANDBOXING = YES;
				GCC_C_LANGUAGE_STANDARD = gnu17;
				GCC_NO_COMMON_BLOCKS = YES;
				GCC_WARN_64_TO_32_BIT_CONVERSION = YES;
				GCC_WARN_ABOUT_RETURN_TYPE = YES_ERROR;
				GCC_WARN_UNDECLARED_SELECTOR = YES;
				GCC_WARN_UNINITIALIZED_AUTOS = YES_AGGRESSIVE;
				GCC_WARN_UNUSED_FUNCTION = YES;
				GCC_WARN_UNUSED_VARIABLE = YES;
				IPHONEOS_DEPLOYMENT_TARGET = 26.4;
				LOCALIZATION_PREFERS_STRING_CATALOGS = YES;
				MTL_ENABLE_DEBUG_INFO = NO;
				MTL_FAST_MATH = YES;
				SDKROOT = iphoneos;
				STRIP_INSTALLED_PRODUCT = YES;
				SWIFT_COMPILATION_MODE = wholemodule;
				VALIDATE_PRODUCT = YES;
			};
			name = Release;
		};
		11440BC12F90E8DB00A9E15B /* Debug */ = {
			isa = XCBuildConfiguration;
			buildSettings = {
				ASSETCATALOG_COMPILER_APPICON_NAME = AppIcon;
				ASSETCATALOG_COMPILER_GLOBAL_ACCENT_COLOR_NAME = AccentColor;
				ASSETCATALOG_COMPILER_INCLUDE_ALL_APPICON_ASSETS = YES;
				CODE_SIGN_STYLE = Automatic;
				CURRENT_PROJECT_VERSION = 1;
				DEVELOPMENT_TEAM = 9YUM32FPQU;
				ENABLE_PREVIEWS = YES;
				GENERATE_INFOPLIST_FILE = YES;
				INFOPLIST_KEY_CFBundleDisplayName = Cloudy;
				INFOPLIST_KEY_NSCameraUsageDescription = "Cloudy usa la fotocamera per scattare foto da pubblicare nelle storie.";
				INFOPLIST_KEY_NSLocationWhenInUseUsageDescription = "Cloudy ti mostra i locali e gli amici vicini. La tua posizione resta tua: la usiamo solo mentre sei nell'app.";
				INFOPLIST_KEY_UIApplicationSceneManifest_Generation = YES;
				INFOPLIST_KEY_UIApplicationSupportsIndirectInputEvents = YES;
				INFOPLIST_KEY_UILaunchScreen_Generation = YES;
				INFOPLIST_KEY_UIStatusBarStyle = "";
				INFOPLIST_KEY_UISupportedInterfaceOrientations_iPad = "UIInterfaceOrientationPortrait UIInterfaceOrientationPortraitUpsideDown UIInterfaceOrientationLandscapeLeft UIInterfaceOrientationLandscapeRight";
				INFOPLIST_KEY_UISupportedInterfaceOrientations_iPhone = "UIInterfaceOrientationPortrait UIInterfaceOrientationLandscapeLeft UIInterfaceOrientationLandscapeRight";
				LD_RUNPATH_SEARCH_PATHS = (
					"$(inherited)",
					"@executable_path/Frameworks",
				);
				MARKETING_VERSION = 1.0;
				PRODUCT_BUNDLE_IDENTIFIER = it.luiginegri.FriendMapSeed;
				PRODUCT_NAME = "$(TARGET_NAME)";
				STRING_CATALOG_GENERATE_SYMBOLS = YES;
				SUPPORTED_PLATFORMS = "iphoneos iphonesimulator";
				SUPPORTS_MACCATALYST = NO;
				SUPPORTS_MAC_DESIGNED_FOR_IPHONE_IPAD = NO;
				SUPPORTS_XR_DESIGNED_FOR_IPHONE_IPAD = NO;
				SWIFT_APPROACHABLE_CONCURRENCY = YES;
				SWIFT_DEFAULT_ACTOR_ISOLATION = MainActor;
				SWIFT_EMIT_LOC_STRINGS = YES;
				SWIFT_UPCOMING_FEATURE_MEMBER_IMPORT_VISIBILITY = YES;
				SWIFT_VERSION = 5.0;
				TARGETED_DEVICE_FAMILY = "1,2";
			};
			name = Debug;
		};
		11440BC22F90E8DB00A9E15B /* Release */ = {
			isa = XCBuildConfiguration;
			buildSettings = {
				ASSETCATALOG_COMPILER_APPICON_NAME = AppIcon;
				ASSETCATALOG_COMPILER_GLOBAL_ACCENT_COLOR_NAME = AccentColor;
				ASSETCATALOG_COMPILER_INCLUDE_ALL_APPICON_ASSETS = YES;
				CODE_SIGN_STYLE = Automatic;
				CURRENT_PROJECT_VERSION = 1;
				DEVELOPMENT_TEAM = 9YUM32FPQU;
				ENABLE_PREVIEWS = YES;
				GENERATE_INFOPLIST_FILE = YES;
				INFOPLIST_KEY_CFBundleDisplayName = Cloudy;
				INFOPLIST_KEY_NSCameraUsageDescription = "Cloudy usa la fotocamera per scattare foto da pubblicare nelle storie.";
				INFOPLIST_KEY_NSLocationWhenInUseUsageDescription = "Cloudy ti mostra i locali e gli amici vicini. La tua posizione resta tua: la usiamo solo mentre sei nell'app.";
				INFOPLIST_KEY_UIApplicationSceneManifest_Generation = YES;
				INFOPLIST_KEY_UIApplicationSupportsIndirectInputEvents = YES;
				INFOPLIST_KEY_UILaunchScreen_Generation = YES;
				INFOPLIST_KEY_UIStatusBarStyle = "";
				INFOPLIST_KEY_UISupportedInterfaceOrientations_iPad = "UIInterfaceOrientationPortrait UIInterfaceOrientationPortraitUpsideDown UIInterfaceOrientationLandscapeLeft UIInterfaceOrientationLandscapeRight";
				INFOPLIST_KEY_UISupportedInterfaceOrientations_iPhone = "UIInterfaceOrientationPortrait UIInterfaceOrientationLandscapeLeft UIInterfaceOrientationLandscapeRight";
				LD_RUNPATH_SEARCH_PATHS = (
					"$(inherited)",
					"@executable_path/Frameworks",
				);
				MARKETING_VERSION = 1.0;
				PRODUCT_BUNDLE_IDENTIFIER = it.luiginegri.FriendMapSeed;
				PRODUCT_NAME = "$(TARGET_NAME)";
				STRING_CATALOG_GENERATE_SYMBOLS = YES;
				SUPPORTED_PLATFORMS = "iphoneos iphonesimulator";
				SUPPORTS_MACCATALYST = NO;
				SUPPORTS_MAC_DESIGNED_FOR_IPHONE_IPAD = NO;
				SUPPORTS_XR_DESIGNED_FOR_IPHONE_IPAD = NO;
				SWIFT_APPROACHABLE_CONCURRENCY = YES;
				SWIFT_DEFAULT_ACTOR_ISOLATION = MainActor;
				SWIFT_EMIT_LOC_STRINGS = YES;
				SWIFT_UPCOMING_FEATURE_MEMBER_IMPORT_VISIBILITY = YES;
				SWIFT_VERSION = 5.0;
				TARGETED_DEVICE_FAMILY = "1,2";
			};
			name = Release;
		};
		11DC5CAF2FA90E9D00414499 /* Debug */ = {
			isa = XCBuildConfiguration;
			buildSettings = {
				BUNDLE_LOADER = "$(TEST_HOST)";
				CODE_SIGN_STYLE = Automatic;
				CURRENT_PROJECT_VERSION = 1;
				DEVELOPMENT_TEAM = 9YUM32FPQU;
				GENERATE_INFOPLIST_FILE = YES;
				MARKETING_VERSION = 1.0;
				PRODUCT_BUNDLE_IDENTIFIER = it.luiginegri.FriendMapSeedTests;
				PRODUCT_NAME = "$(TARGET_NAME)";
				STRING_CATALOG_GENERATE_SYMBOLS = NO;
				SWIFT_APPROACHABLE_CONCURRENCY = YES;
				SWIFT_EMIT_LOC_STRINGS = NO;
				SWIFT_UPCOMING_FEATURE_MEMBER_IMPORT_VISIBILITY = YES;
				SWIFT_VERSION = 5.0;
				TARGETED_DEVICE_FAMILY = "1,2";
				TEST_HOST = "$(BUILT_PRODUCTS_DIR)/FriendMapSeed.app/$(BUNDLE_EXECUTABLE_FOLDER_PATH)/FriendMapSeed";
			};
			name = Debug;
		};
		11DC5CB02FA90E9D00414499 /* Release */ = {
			isa = XCBuildConfiguration;
			buildSettings = {
				BUNDLE_LOADER = "$(TEST_HOST)";
				CODE_SIGN_STYLE = Automatic;
				CURRENT_PROJECT_VERSION = 1;
				DEVELOPMENT_TEAM = 9YUM32FPQU;
				GENERATE_INFOPLIST_FILE = YES;
				MARKETING_VERSION = 1.0;
				PRODUCT_BUNDLE_IDENTIFIER = it.luiginegri.FriendMapSeedTests;
				PRODUCT_NAME = "$(TARGET_NAME)";
				STRING_CATALOG_GENERATE_SYMBOLS = NO;
				SWIFT_APPROACHABLE_CONCURRENCY = YES;
				SWIFT_EMIT_LOC_STRINGS = NO;
				SWIFT_UPCOMING_FEATURE_MEMBER_IMPORT_VISIBILITY = YES;
				SWIFT_VERSION = 5.0;
				TARGETED_DEVICE_FAMILY = "1,2";
				TEST_HOST = "$(BUILT_PRODUCTS_DIR)/FriendMapSeed.app/$(BUNDLE_EXECUTABLE_FOLDER_PATH)/FriendMapSeed";
			};
			name = Release;
		};
		11DC5CBE2FA90EC500414499 /* Debug */ = {
			isa = XCBuildConfiguration;
			buildSettings = {
				CODE_SIGN_STYLE = Automatic;
				CURRENT_PROJECT_VERSION = 1;
				DEVELOPMENT_TEAM = 9YUM32FPQU;
				GENERATE_INFOPLIST_FILE = YES;
				MARKETING_VERSION = 1.0;
				PRODUCT_BUNDLE_IDENTIFIER = it.luiginegri.FriendMapSeedUITests;
				PRODUCT_NAME = "$(TARGET_NAME)";
				STRING_CATALOG_GENERATE_SYMBOLS = NO;
				SWIFT_APPROACHABLE_CONCURRENCY = YES;
				SWIFT_EMIT_LOC_STRINGS = NO;
				SWIFT_UPCOMING_FEATURE_MEMBER_IMPORT_VISIBILITY = YES;
				SWIFT_VERSION = 5.0;
				TARGETED_DEVICE_FAMILY = "1,2";
				TEST_TARGET_NAME = FriendMapSeed;
			};
			name = Debug;
		};
		11DC5CBF2FA90EC500414499 /* Release */ = {
			isa = XCBuildConfiguration;
			buildSettings = {
				CODE_SIGN_STYLE = Automatic;
				CURRENT_PROJECT_VERSION = 1;
				DEVELOPMENT_TEAM = 9YUM32FPQU;
				GENERATE_INFOPLIST_FILE = YES;
				MARKETING_VERSION = 1.0;
				PRODUCT_BUNDLE_IDENTIFIER = it.luiginegri.FriendMapSeedUITests;
				PRODUCT_NAME = "$(TARGET_NAME)";
				STRING_CATALOG_GENERATE_SYMBOLS = NO;
				SWIFT_APPROACHABLE_CONCURRENCY = YES;
				SWIFT_EMIT_LOC_STRINGS = NO;
				SWIFT_UPCOMING_FEATURE_MEMBER_IMPORT_VISIBILITY = YES;
				SWIFT_VERSION = 5.0;
				TARGETED_DEVICE_FAMILY = "1,2";
				TEST_TARGET_NAME = FriendMapSeed;
			};
			name = Release;
		};
/* End XCBuildConfiguration section */

/* Begin XCConfigurationList section */
		11440BB02F90E8D600A9E15B /* Build configuration list for PBXProject "FriendMapSeed" */ = {
			isa = XCConfigurationList;
			buildConfigurations = (
				11440BBE2F90E8DB00A9E15B /* Debug */,
				11440BBF2F90E8DB00A9E15B /* Release */,
			);
			defaultConfigurationIsVisible = 0;
			defaultConfigurationName = Release;
		};
		11440BC02F90E8DB00A9E15B /* Build configuration list for PBXNativeTarget "FriendMapSeed" */ = {
			isa = XCConfigurationList;
			buildConfigurations = (
				11440BC12F90E8DB00A9E15B /* Debug */,
				11440BC22F90E8DB00A9E15B /* Release */,
			);
			defaultConfigurationIsVisible = 0;
			defaultConfigurationName = Release;
		};
		11DC5CAE2FA90E9D00414499 /* Build configuration list for PBXNativeTarget "FriendMapSeedTests" */ = {
			isa = XCConfigurationList;
			buildConfigurations = (
				11DC5CAF2FA90E9D00414499 /* Debug */,
				11DC5CB02FA90E9D00414499 /* Release */,
			);
			defaultConfigurationIsVisible = 0;
			defaultConfigurationName = Release;
		};
		11DC5CBD2FA90EC500414499 /* Build configuration list for PBXNativeTarget "FriendMapSeedUITests" */ = {
			isa = XCConfigurationList;
			buildConfigurations = (
				11DC5CBE2FA90EC500414499 /* Debug */,
				11DC5CBF2FA90EC500414499 /* Release */,
			);
			defaultConfigurationIsVisible = 0;
			defaultConfigurationName = Release;
		};
/* End XCConfigurationList section */

/* Begin XCLocalSwiftPackageReference section */
		CC0000000000000000000001 /* XCLocalSwiftPackageReference "Packages/CloudyCore" */ = {
			isa = XCLocalSwiftPackageReference;
			relativePath = Packages/CloudyCore;
		};
/* End XCLocalSwiftPackageReference section */

/* Begin XCRemoteSwiftPackageReference section */
		11F5B9E42FA8CF9B00C01596 /* XCRemoteSwiftPackageReference "firebase-ios-sdk" */ = {
			isa = XCRemoteSwiftPackageReference;
			repositoryURL = "https://github.com/firebase/firebase-ios-sdk";
			requirement = {
				kind = upToNextMajorVersion;
				minimumVersion = 12.12.1;
			};
		};
		CC1000000000000000000001 /* XCRemoteSwiftPackageReference "signalr-client-swift" */ = {
			isa = XCRemoteSwiftPackageReference;
			repositoryURL = "https://github.com/dotnet/signalr-client-swift";
			requirement = {
				kind = upToNextMajorVersion;
				minimumVersion = 1.0.0;
			};
		};
/* End XCRemoteSwiftPackageReference section */

/* Begin XCSwiftPackageProductDependency section */
		CC0000000000000000000002 /* CloudyCore */ = {
			isa = XCSwiftPackageProductDependency;
			productName = CloudyCore;
		};
		CC1000000000000000000002 /* FirebaseCore */ = {
			isa = XCSwiftPackageProductDependency;
			package = 11F5B9E42FA8CF9B00C01596 /* XCRemoteSwiftPackageReference "firebase-ios-sdk" */;
			productName = FirebaseCore;
		};
		CC1000000000000000000003 /* FirebaseAnalytics */ = {
			isa = XCSwiftPackageProductDependency;
			package = 11F5B9E42FA8CF9B00C01596 /* XCRemoteSwiftPackageReference "firebase-ios-sdk" */;
			productName = FirebaseAnalytics;
		};
		CC1000000000000000000004 /* FirebaseCrashlytics */ = {
			isa = XCSwiftPackageProductDependency;
			package = 11F5B9E42FA8CF9B00C01596 /* XCRemoteSwiftPackageReference "firebase-ios-sdk" */;
			productName = FirebaseCrashlytics;
		};
		CC1000000000000000000009 /* SignalRClient */ = {
			isa = XCSwiftPackageProductDependency;
			package = CC1000000000000000000001 /* XCRemoteSwiftPackageReference "signalr-client-swift" */;
			productName = SignalRClient;
		};
/* End XCSwiftPackageProductDependency section */
	};
	rootObject = 11440BAD2F90E8D600A9E15B /* Project object */;
}
